
Microsoft Visual Studio Solution File, Format Version 12.00
# Visual Studio Version 17
VisualStudioVersion = 17.10.35122.118
MinimumVisualStudioVersion = 10.0.40219.1
Project("{FAE04EC0-301F-11D3-BF4B-00C04F79EFBC}") = "servicefirst", "servicefirst.csproj", "{615EF58C-497C-4295-B59C-114ADFB57109}"
EndProject
Global
	GlobalSection(SolutionConfigurationPlatforms) = preSolution
		Debug|Any CPU = Debug|Any CPU
		Release|Any CPU = Release|Any CPU
	EndGlobalSection
	GlobalSection(ProjectConfigurationPlatforms) = postSolution
		{615EF58C-497C-4295-B59C-114ADFB57109}.Debug|Any CPU.ActiveCfg = Debug|Any CPU
		{615EF58C-497C-4295-B59C-114ADFB57109}.Debug|Any CPU.Build.0 = Debug|Any CPU
		{615EF58C-497C-4295-B59C-114ADFB57109}.Release|Any CPU.ActiveCfg = Release|Any CPU
		{615EF58C-497C-4295-B59C-114ADFB57109}.Release|Any CPU.Build.0 = Release|Any CPU
	EndGlobalSection
	GlobalSection(SolutionProperties) = preSolution
		HideSolutionNode = FALSE
	EndGlobalSection
	GlobalSection(ExtensibilityGlobals) = postSolution
		SolutionGuid = {235C2DFF-EE91-4022-A7FD-94ECD725167D}
	EndGlobalSection
EndGlobal
